<Solution>
  <Folder Name="/src/">
    <Project Path="src/ExamAI.Api/ExamAI.Api.csproj" />
    <Project Path="src/ExamAI.Application/ExamAI.Application.csproj" />
    <Project Path="src/ExamAI.Domain/ExamAI.Domain.csproj" />
    <Project Path="src/ExamAI.Infrastructure/ExamAI.Infrastructure.csproj" />
  </Folder>
  <Folder Name="/test/">
    <Project Path="test/ExamAI.Tests/ExamAI.Tests.csproj" />
  </Folder>
</Solution>
